# THIS IS AN AUTOGENERATED FILE. DO NOT EDIT THIS FILE DIRECTLY.
# yarn lockfile v1


assertions@~2.2.2:
  version "2.2.4"
  resolved "https://registry.yarnpkg.com/assertions/-/assertions-2.2.4.tgz#83349a56774d7246e4fbb6d5e2ff0f52ad791f3f"
  integrity sha1-gzSaVndNckbk+7bV4v8PUq15Hz8=
  dependencies:
    fomatto "0.5"
    render "0.1"
    traverser "1"

assertions@~2.3.1:
  version "2.3.4"
  resolved "https://registry.yarnpkg.com/assertions/-/assertions-2.3.4.tgz#a9433ced1fce57cc999af0965d1008e96c2796e6"
  integrity sha1-qUM87R/OV8yZmvCWXRAI6WwnluY=
  dependencies:
    fomatto "git://github.com/BonsaiDen/Fomatto.git#468666f600b46f9067e3da7200fd9df428923ea6"
    render "0.1"
    traverser "1"

curry@0.0.x:
  version "0.0.4"
  resolved "https://registry.yarnpkg.com/curry/-/curry-0.0.4.tgz#1750d518d919c44f3d37ff44edc693de1f0d5fcb"
  integrity sha1-F1DVGNkZxE89N/9E7caT3h8NX8s=

deep-equal@~0.2.0:
  version "0.2.2"
  resolved "https://registry.yarnpkg.com/deep-equal/-/deep-equal-0.2.2.tgz#84b745896f34c684e98f2ce0e42abaf43bba017d"
  integrity sha1-hLdFiW80xoTpjyzg5Cq69Du6AX0=

defined@~0.0.0:
  version "0.0.0"
  resolved "https://registry.yarnpkg.com/defined/-/defined-0.0.0.tgz#f35eea7d705e933baf13b2f03b3f83d921403b3e"
  integrity sha1-817qfXBekzuvE7LwOz+D2SFAOz4=

event-stream@~0.7.0:
  version "0.7.0"
  resolved "https://registry.yarnpkg.com/event-stream/-/event-stream-0.7.0.tgz#2d0d12412e0a24f56641766932b9558718e0001f"
  integrity sha1-LQ0SQS4KJPVmQXZpMrlVhxjgAB8=
  dependencies:
    optimist "0.2"

fomatto@0.5:
  version "0.5.0"
  resolved "https://registry.yarnpkg.com/fomatto/-/fomatto-0.5.0.tgz#cd661a08ca58693c2e36136ff721c801eee4311e"
  integrity sha1-zWYaCMpYaTwuNhNv9yHIAe7kMR4=

"fomatto@git://github.com/BonsaiDen/Fomatto.git#468666f600b46f9067e3da7200fd9df428923ea6":
  version "0.6.0"
  resolved "git://github.com/BonsaiDen/Fomatto.git#468666f600b46f9067e3da7200fd9df428923ea6"

glob@~3.2.9:
  version "3.2.11"
  resolved "https://registry.yarnpkg.com/glob/-/glob-3.2.11.tgz#4a973f635b9190f715d10987d5c00fd2815ebe3d"
  integrity sha1-Spc/Y1uRkPcV0QmH1cAP0oFevj0=
  dependencies:
    inherits "2"
    minimatch "0.3"

inherits@2, inherits@~2.0.1:
  version "2.0.4"
  resolved "https://registry.yarnpkg.com/inherits/-/inherits-2.0.4.tgz#0fa2c64f932917c3433a0ded55363aae37416b7c"
  integrity sha512-k/vGaX4/Yla3WzyMCvTQOXYeIHvqOKtnqBduzTHpzpQZzAskKMhZ2K+EnBiSM9zGSoIFeMpXKxa4dYeZIQqewQ==

it-is@~1:
  version "1.0.3"
  resolved "https://registry.yarnpkg.com/it-is/-/it-is-1.0.3.tgz#469700819838a4656ed4f176953f5bfcf53f483b"
  integrity sha1-RpcAgZg4pGVu1PF2lT9b/PU/SDs=
  dependencies:
    assertions "~2.3.1"
    render "~0.1.4"
    style "0.1.x"
    traverser "0.0.x"
    trees "0.0.x"

jsonparse@^1.2.0:
  version "1.3.1"
  resolved "https://registry.yarnpkg.com/jsonparse/-/jsonparse-1.3.1.tgz#3f4dae4a91fac315f71062f8521cc239f1366280"
  integrity sha1-P02uSpH6wxX3EGL4UhzCOfE2YoA=

lru-cache@2:
  version "2.7.3"
  resolved "https://registry.yarnpkg.com/lru-cache/-/lru-cache-2.7.3.tgz#6d4524e8b955f95d4f5b58851ce21dd72fb4e952"
  integrity sha1-bUUk6LlV+V1PW1iFHOId1y+06VI=

minimatch@0.3:
  version "0.3.0"
  resolved "https://registry.yarnpkg.com/minimatch/-/minimatch-0.3.0.tgz#275d8edaac4f1bb3326472089e7949c8394699dd"
  integrity sha1-J12O2qxPG7MyZHIInnlJyDlGmd0=
  dependencies:
    lru-cache "2"
    sigmund "~1.0.0"

object-inspect@~0.4.0:
  version "0.4.0"
  resolved "https://registry.yarnpkg.com/object-inspect/-/object-inspect-0.4.0.tgz#f5157c116c1455b243b06ee97703392c5ad89fec"
  integrity sha1-9RV8EWwUVbJDsG7pdwM5LFrYn+w=

optimist@0.2:
  version "0.2.8"
  resolved "https://registry.yarnpkg.com/optimist/-/optimist-0.2.8.tgz#e981ab7e268b457948593b55674c099a815cac31"
  integrity sha1-6YGrfiaLRXlIWTtVZ0wJmoFcrDE=
  dependencies:
    wordwrap ">=0.0.1 <0.1.0"

render@0.1, render@~0.1.1, render@~0.1.4:
  version "0.1.4"
  resolved "https://registry.yarnpkg.com/render/-/render-0.1.4.tgz#cfb33a34e26068591d418469e23d8cc5ce1ceff5"
  integrity sha1-z7M6NOJgaFkdQYRp4j2Mxc4c7/U=
  dependencies:
    traverser "0.0.x"

resumer@~0.0.0:
  version "0.0.0"
  resolved "https://registry.yarnpkg.com/resumer/-/resumer-0.0.0.tgz#f1e8f461e4064ba39e82af3cdc2a8c893d076759"
  integrity sha1-8ej0YeQGS6Oegq883CqMiT0HZ1k=
  dependencies:
    through "~2.3.4"

should-equal@^2.0.0:
  version "2.0.0"
  resolved "https://registry.yarnpkg.com/should-equal/-/should-equal-2.0.0.tgz#6072cf83047360867e68e98b09d71143d04ee0c3"
  integrity sha512-ZP36TMrK9euEuWQYBig9W55WPC7uo37qzAEmbjHz4gfyuXrEUgF8cUvQVO+w+d3OMfPvSRQJ22lSm8MQJ43LTA==
  dependencies:
    should-type "^1.4.0"

should-format@^3.0.3:
  version "3.0.3"
  resolved "https://registry.yarnpkg.com/should-format/-/should-format-3.0.3.tgz#9bfc8f74fa39205c53d38c34d717303e277124f1"
  integrity sha1-m/yPdPo5IFxT04w01xcwPidxJPE=
  dependencies:
    should-type "^1.3.0"
    should-type-adaptors "^1.0.1"

should-type-adaptors@^1.0.1:
  version "1.1.0"
  resolved "https://registry.yarnpkg.com/should-type-adaptors/-/should-type-adaptors-1.1.0.tgz#401e7f33b5533033944d5cd8bf2b65027792e27a"
  integrity sha512-JA4hdoLnN+kebEp2Vs8eBe9g7uy0zbRo+RMcU0EsNy+R+k049Ki+N5tT5Jagst2g7EAja+euFuoXFCa8vIklfA==
  dependencies:
    should-type "^1.3.0"
    should-util "^1.0.0"

should-type@^1.3.0, should-type@^1.4.0:
  version "1.4.0"
  resolved "https://registry.yarnpkg.com/should-type/-/should-type-1.4.0.tgz#0756d8ce846dfd09843a6947719dfa0d4cff5cf3"
  integrity sha1-B1bYzoRt/QmEOmlHcZ36DUz/XPM=

should-util@^1.0.0:
  version "1.0.1"
  resolved "https://registry.yarnpkg.com/should-util/-/should-util-1.0.1.tgz#fb0d71338f532a3a149213639e2d32cbea8bcb28"
  integrity sha512-oXF8tfxx5cDk8r2kYqlkUJzZpDBqVY/II2WhvU0n9Y3XYvAYRmeaf1PvvIvTgPnv4KJ+ES5M0PyDq5Jp+Ygy2g==

should@>=0.0.4:
  version "13.2.3"
  resolved "https://registry.yarnpkg.com/should/-/should-13.2.3.tgz#96d8e5acf3e97b49d89b51feaa5ae8d07ef58f10"
  integrity sha512-ggLesLtu2xp+ZxI+ysJTmNjh2U0TsC+rQ/pfED9bUZZ4DKefP27D+7YJVVTvKsmjLpIi9jAa7itwDGkDDmt1GQ==
  dependencies:
    should-equal "^2.0.0"
    should-format "^3.0.3"
    should-type "^1.4.0"
    should-type-adaptors "^1.0.1"
    should-util "^1.0.0"

sigmund@~1.0.0:
  version "1.0.1"
  resolved "https://registry.yarnpkg.com/sigmund/-/sigmund-1.0.1.tgz#3ff21f198cad2175f9f3b781853fd94d0d19b590"
  integrity sha1-P/IfGYytIXX587eBhT/ZTQ0ZtZA=

style@0.1.x:
  version "0.1.1"
  resolved "https://registry.yarnpkg.com/style/-/style-0.1.1.tgz#e2fab65b1b81d3e00ebcad854cc584ba231f256d"
  integrity sha1-4vq2WxuB0+AOvK2FTMWEuiMfJW0=
  dependencies:
    curry "0.0.x"

tape@~2.12.3:
  version "2.12.3"
  resolved "https://registry.yarnpkg.com/tape/-/tape-2.12.3.tgz#5559d5454050292627537c012991ec6971f66156"
  integrity sha1-VVnVRUBQKSYnU3wBKZHsaXH2YVY=
  dependencies:
    deep-equal "~0.2.0"
    defined "~0.0.0"
    glob "~3.2.9"
    inherits "~2.0.1"
    object-inspect "~0.4.0"
    resumer "~0.0.0"
    through "~2.3.4"

"through@>=2.2.7 <3", through@~2.3.4:
  version "2.3.8"
  resolved "https://registry.yarnpkg.com/through/-/through-2.3.8.tgz#0dd4c9ffaabc357960b1b724115d7e0e86a2e1f5"
  integrity sha1-DdTJ/6q8NXlgsbckEV1+Doai4fU=

traverser@0.0.x:
  version "0.0.5"
  resolved "https://registry.yarnpkg.com/traverser/-/traverser-0.0.5.tgz#c66f38c456a0c21a88014b1223580c7ebe0631eb"
  integrity sha1-xm84xFagwhqIAUsSI1gMfr4GMes=
  dependencies:
    curry "0.0.x"

traverser@1:
  version "1.0.0"
  resolved "https://registry.yarnpkg.com/traverser/-/traverser-1.0.0.tgz#6f59e5813759aeeab3646b8f4513fd4a62e4fe20"
  integrity sha1-b1nlgTdZruqzZGuPRRP9SmLk/iA=
  dependencies:
    curry "0.0.x"

trees@0.0.x, trees@~0.0.3:
  version "0.0.4"
  resolved "https://registry.yarnpkg.com/trees/-/trees-0.0.4.tgz#2f51fd9b5f6486f732c97e11ee75667236be1d59"
  integrity sha1-L1H9m19khvcyyX4R7nVmcja+HVk=
  dependencies:
    should ">=0.0.4"
    style "0.1.x"
    traverser "0.0.x"

"wordwrap@>=0.0.1 <0.1.0":
  version "0.0.3"
  resolved "https://registry.yarnpkg.com/wordwrap/-/wordwrap-0.0.3.tgz#a3d5da6cd5c0bc0008d37234bbaf1bed63059107"
  integrity sha1-o9XabNXAvAAI03I0u68b7WMFkQc=
